symfony caec56fbe3f27584a30ff32c02331135d1e744a3
twig v1.5.1
monolog 1.0.2
doctrine-common 2.1.4
doctrine-dbal 2.1.5
doctrine 2.1.5
swiftmailer v4.1.5
assetic v1.0.2
twig-extensions a05ab5ed18a51ae45f3dcc2d0c4ec9b3a6386987
metadata 1.0.0
SensioFrameworkExtraBundle 1c7e92f466d11f83130b0c1271f44d067a2c3b31
JMSSecurityExtraBundle 541a4c242328dc04b99540c75346cc74a7c0cfb5
SensioDistributionBundle 20b66a408084ad8752f98e50f10533f5245310bf
SensioGeneratorBundle dd37fc4487bc09ac01bdcf89e0ff4ee4484b7fab
AsseticBundle v1.0.1
doctrine-fixtures 8cf2507e458b8116e8f22f391d05935a585a8700
DoctrineFixturesBundle a66be2f077f3a4e5c3801b356b42b8782f1abbd6
GregwarFormBundle 6ff2bbfd2579a55103633a006cf5dd0aae5765fd
doctrine-extensions e1f8ee58ef08950ee32ee43bd627f9f39e2d2524
StofDoctrineExtensionsBundle 18576d358e0a4c5fa71386b7d56c3066a0ff126d
GravatarBundle e5aedca3bd066081e16912ca8be96ba4ca570d0a
KnpLastTweetsBundle 26b34feecc0a344bf26610ca2c18f317c35e5520
buzz 0d20aa29ae57283613618eb1ef113c070216b905
OrnicarAkismetBundle 9c525963d48289174c10367d9f14f5deec58b0ab
SonatajQueryBundle 90257bf4d46ca37a490cb7b93d68fcbe29fb39b4
FOSUserBundle bff43e4a48e4dd895ae941af3b00d5ec34880854
SonataUserBundle 28fee65c0619c0ad4423315e162b6aa60a64d85d
SonataEasyExtendsBundle ac9340134c4e374973353e28b9e3d2918acc3091
SonataAdminBundle d43cebd190c73e2a6a5cfb50d0450f12e303e262
KnpMenuBundle 5de114491070a2ccc58ae8c8ac4bef61522e0667
KnpMenu 138b735bab508eb3d7266ff64041bb715595b662
SonataDoctrineORMAdminBundle d0085196fd678abe367d8a120f1f234eb530fa82
ZendFramework 75688665603131a526ac1bb0cf6b31061452941c